// !$*UTF8*$!
{
	archiveVersion = 1;
	classes = {
	};
	objectVersion = 48;
	objects = {

/* Begin PBXBuildFile section */
		408B35A5204E5FAD00A7A13A /* AppDelegate.m in Sources */ = {isa = PBXBuildFile; fileRef = 408B35A4204E5FAD00A7A13A /* AppDelegate.m */; };
		408B35A8204E5FAD00A7A13A /* ViewController.m in Sources */ = {isa = PBXBuildFile; fileRef = 408B35A7204E5FAD00A7A13A /* ViewController.m */; };
		408B35AB204E5FAD00A7A13A /* Main.storyboard in Resources */ = {isa = PBXBuildFile; fileRef = 408B35A9204E5FAD00A7A13A /* Main.storyboard */; };
		408B35AD204E5FAD00A7A13A /* Assets.xcassets in Resources */ = {isa = PBXBuildFile; fileRef = 408B35AC204E5FAD00A7A13A /* Assets.xcassets */; };
		408B35B0204E5FAD00A7A13A /* LaunchScreen.storyboard in Resources */ = {isa = PBXBuildFile; fileRef = 408B35AE204E5FAD00A7A13A /* LaunchScreen.storyboard */; };
		408B35B3204E5FAD00A7A13A /* main.m in Sources */ = {isa = PBXBuildFile; fileRef = 408B35B2204E5FAD00A7A13A /* main.m */; };
		6A08DE4A204E77C0001B8119 /* InfoPlist.strings in Resources */ = {isa = PBXBuildFile; fileRef = 6A08DE4C204E77C0001B8119 /* InfoPlist.strings */; };
		6A08DE50204E7A0F001B8119 /* Localizable.strings in Resources */ = {isa = PBXBuildFile; fileRef = 6A08DE52204E7A0F001B8119 /* Localizable.strings */; };
		6A08DE55204E82B1001B8119 /* Date.plist in Resources */ = {isa = PBXBuildFile; fileRef = 6A08DE54204E82B1001B8119 /* Date.plist */; };
/* End PBXBuildFile section */

/* Begin PBXFileReference section */
		408B35A0204E5FAD00A7A13A /* CrashBoat.app */ = {isa = PBXFileReference; explicitFileType = wrapper.application; includeInIndex = 0; path = CrashBoat.app; sourceTree = BUILT_PRODUCTS_DIR; };
		408B35A3204E5FAD00A7A13A /* AppDelegate.h */ = {isa = PBXFileReference; lastKnownFileType = sourcecode.c.h; path = AppDelegate.h; sourceTree = "<group>"; };
		408B35A4204E5FAD00A7A13A /* AppDelegate.m */ = {isa = PBXFileReference; lastKnownFileType = sourcecode.c.objc; path = AppDelegate.m; sourceTree = "<group>"; };
		408B35A6204E5FAD00A7A13A /* ViewController.h */ = {isa = PBXFileReference; lastKnownFileType = sourcecode.c.h; path = ViewController.h; sourceTree = "<group>"; };
		408B35A7204E5FAD00A7A13A /* ViewController.m */ = {isa = PBXFileReference; lastKnownFileType = sourcecode.c.objc; path = ViewController.m; sourceTree = "<group>"; };
		408B35AA204E5FAD00A7A13A /* Base */ = {isa = PBXFileReference; lastKnownFileType = file.storyboard; name = Base; path = Base.lproj/Main.storyboard; sourceTree = "<group>"; };
		408B35AC204E5FAD00A7A13A /* Assets.xcassets */ = {isa = PBXFileReference; lastKnownFileType = folder.assetcatalog; path = Assets.xcassets; sourceTree = "<group>"; };
		408B35AF204E5FAD00A7A13A /* Base */ = {isa = PBXFileReference; lastKnownFileType = file.storyboard; name = Base; path = Base.lproj/LaunchScreen.storyboard; sourceTree = "<group>"; };
		408B35B1204E5FAD00A7A13A /* Info.plist */ = {isa = PBXFileReference; lastKnownFileType = text.plist.xml; path = Info.plist; sourceTree = "<group>"; };
		408B35B2204E5FAD00A7A13A /* main.m */ = {isa = PBXFileReference; lastKnownFileType = sourcecode.c.objc; path = main.m; sourceTree = "<group>"; };
		6A08DE46204E76C0001B8119 /* zh-Hans */ = {isa = PBXFileReference; lastKnownFileType = text.plist.strings; name = "zh-Hans"; path = "zh-Hans.lproj/Main.strings"; sourceTree = "<group>"; };
		6A08DE47204E76C0001B8119 /* zh-Hans */ = {isa = PBXFileReference; lastKnownFileType = text.plist.strings; name = "zh-Hans"; path = "zh-Hans.lproj/LaunchScreen.strings"; sourceTree = "<group>"; };
		6A08DE4B204E77C0001B8119 /* zh-Hans */ = {isa = PBXFileReference; lastKnownFileType = text.plist.strings; name = "zh-Hans"; path = "zh-Hans.lproj/InfoPlist.strings"; sourceTree = "<group>"; };
		6A08DE4D204E77D5001B8119 /* en */ = {isa = PBXFileReference; lastKnownFileType = text.plist.strings; name = en; path = en.lproj/InfoPlist.strings; sourceTree = "<group>"; };
		6A08DE51204E7A0F001B8119 /* en */ = {isa = PBXFileReference; lastKnownFileType = text.plist.strings; name = en; path = en.lproj/Localizable.strings; sourceTree = "<group>"; };
		6A08DE53204E7A10001B8119 /* zh-Hans */ = {isa = PBXFileReference; lastKnownFileType = text.plist.strings; name = "zh-Hans"; path = "zh-Hans.lproj/Localizable.strings"; sourceTree = "<group>"; };
		6A08DE54204E82B1001B8119 /* Date.plist */ = {isa = PBXFileReference; lastKnownFileType = text.plist.xml; path = Date.plist; sourceTree = "<group>"; };
/* End PBXFileReference section */

/* Begin PBXFrameworksBuildPhase section */
		408B359D204E5FAD00A7A13A /* Frameworks */ = {
			isa = PBXFrameworksBuildPhase;
			buildActionMask = 2147483647;
			files = (
			);
			runOnlyForDeploymentPostprocessing = 0;
		};
/* End PBXFrameworksBuildPhase section */

/* Begin PBXGroup section */
		408B3597204E5FAD00A7A13A = {
			isa = PBXGroup;
			children = (
				408B35A2204E5FAD00A7A13A /* CrashBoat */,
				408B35A1204E5FAD00A7A13A /* Products */,
			);
			sourceTree = "<group>";
		};
		408B35A1204E5FAD00A7A13A /* Products */ = {
			isa = PBXGroup;
			children = (
				408B35A0204E5FAD00A7A13A /* CrashBoat.app */,
			);
			name = Products;
			sourceTree = "<group>";
		};
		408B35A2204E5FAD00A7A13A /* CrashBoat */ = {
			isa = PBXGroup;
			children = (
				408B35A3204E5FAD00A7A13A /* AppDelegate.h */,
				408B35A4204E5FAD00A7A13A /* AppDelegate.m */,
				408B35A6204E5FAD00A7A13A /* ViewController.h */,
				408B35A7204E5FAD00A7A13A /* ViewController.m */,
				408B35A9204E5FAD00A7A13A /* Main.storyboard */,
				408B35AC204E5FAD00A7A13A /* Assets.xcassets */,
				408B35AE204E5FAD00A7A13A /* LaunchScreen.storyboard */,
				408B35B1204E5FAD00A7A13A /* Info.plist */,
				6A08DE54204E82B1001B8119 /* Date.plist */,
				6A08DE4C204E77C0001B8119 /* InfoPlist.strings */,
				6A08DE52204E7A0F001B8119 /* Localizable.strings */,
				408B35B2204E5FAD00A7A13A /* main.m */,
			);
			path = CrashBoat;
			sourceTree = "<group>";
		};
/* End PBXGroup section */

/* Begin PBXNativeTarget section */
		408B359F204E5FAD00A7A13A /* CrashBoat */ = {
			isa = PBXNativeTarget;
			buildConfigurationList = 408B35B6204E5FAD00A7A13A /* Build configuration list for PBXNativeTarget "CrashBoat" */;
			buildPhases = (
				408B359C204E5FAD00A7A13A /* Sources */,
				408B359D204E5FAD00A7A13A /* Frameworks */,
				408B359E204E5FAD00A7A13A /* Resources */,
			);
			buildRules = (
			);
			dependencies = (
			);
			name = CrashBoat;
			productName = CrashBoat;
			productReference = 408B35A0204E5FAD00A7A13A /* CrashBoat.app */;
			productType = "com.apple.product-type.application";
		};
/* End PBXNativeTarget section */

/* Begin PBXProject section */
		408B3598204E5FAD00A7A13A /* Project object */ = {
			isa = PBXProject;
			attributes = {
				LastUpgradeCheck = 0920;
				ORGANIZATIONNAME = Mrlee;
				TargetAttributes = {
					408B359F204E5FAD00A7A13A = {
						CreatedOnToolsVersion = 9.2;
						ProvisioningStyle = Automatic;
					};
				};
			};
			buildConfigurationList = 408B359B204E5FAD00A7A13A /* Build configuration list for PBXProject "CrashBoat" */;
			compatibilityVersion = "Xcode 8.0";
			developmentRegion = en;
			hasScannedForEncodings = 0;
			knownRegions = (
				en,
				Base,
				"zh-Hans",
			);
			mainGroup = 408B3597204E5FAD00A7A13A;
			productRefGroup = 408B35A1204E5FAD00A7A13A /* Products */;
			projectDirPath = "";
			projectRoot = "";
			targets = (
				408B359F204E5FAD00A7A13A /* CrashBoat */,
			);
		};
/* End PBXProject section */

/* Begin PBXResourcesBuildPhase section */
		408B359E204E5FAD00A7A13A /* Resources */ = {
			isa = PBXResourcesBuildPhase;
			buildActionMask = 2147483647;
			files = (
				6A08DE55204E82B1001B8119 /* Date.plist in Resources */,
				6A08DE50204E7A0F001B8119 /* Localizable.strings in Resources */,
				408B35B0204E5FAD00A7A13A /* LaunchScreen.storyboard in Resources */,
				6A08DE4A204E77C0001B8119 /* InfoPlist.strings in Resources */,
				408B35AD204E5FAD00A7A13A /* Assets.xcassets in Resources */,
				408B35AB204E5FAD00A7A13A /* Main.storyboard in Resources */,
			);
			runOnlyForDeploymentPostprocessing = 0;
		};
/* End PBXResourcesBuildPhase section */

/* Begin PBXSourcesBuildPhase section */
		408B359C204E5FAD00A7A13A /* Sources */ = {
			isa = PBXSourcesBuildPhase;
			buildActionMask = 2147483647;
			files = (
				408B35A8204E5FAD00A7A13A /* ViewController.m in Sources */,
				408B35B3204E5FAD00A7A13A /* main.m in Sources */,
				408B35A5204E5FAD00A7A13A /* AppDelegate.m in Sources */,
			);
			runOnlyForDeploymentPostprocessing = 0;
		};
/* End PBXSourcesBuildPhase section */

/* Begin PBXVariantGroup section */
		408B35A9204E5FAD00A7A13A /* Main.storyboard */ = {
			isa = PBXVariantGroup;
			children = (
				408B35AA204E5FAD00A7A13A /* Base */,
				6A08DE46204E76C0001B8119 /* zh-Hans */,
			);
			name = Main.storyboard;
			sourceTree = "<group>";
		};
		408B35AE204E5FAD00A7A13A /* LaunchScreen.storyboard */ = {
			isa = PBXVariantGroup;
			children = (
				408B35AF204E5FAD00A7A13A /* Base */,
				6A08DE47204E76C0001B8119 /* zh-Hans */,
			);
			name = LaunchScreen.storyboard;
			sourceTree = "<group>";
		};
		6A08DE4C204E77C0001B8119 /* InfoPlist.strings */ = {
			isa = PBXVariantGroup;
			children = (
				6A08DE4B204E77C0001B8119 /* zh-Hans */,
				6A08DE4D204E77D5001B8119 /* en */,
			);
			name = InfoPlist.strings;
			sourceTree = "<group>";
		};
		6A08DE52204E7A0F001B8119 /* Localizable.strings */ = {
			isa = PBXVariantGroup;
			children = (
				6A08DE51204E7A0F001B8119 /* en */,
				6A08DE53204E7A10001B8119 /* zh-Hans */,
			);
			name = Localizable.strings;
			sourceTree = "<group>";
		};
/* End PBXVariantGroup section */

/* Begin XCBuildConfiguration section */
		408B35B4204E5FAD00A7A13A /* Debug */ = {
			isa = XCBuildConfiguration;
			buildSettings = {
				ALWAYS_SEARCH_USER_PATHS = NO;
				CLANG_ANALYZER_LOCALIZABILITY_NONLOCALIZED = YES;
				CLANG_ANALYZER_NONNULL = YES;
				CLANG_ANALYZER_NUMBER_OBJECT_CONVERSION = YES_AGGRESSIVE;
				CLANG_CXX_LANGUAGE_STANDARD = "gnu++14";
				CLANG_CXX_LIBRARY = "libc++";
				CLANG_ENABLE_MODULES = YES;
				CLANG_ENABLE_OBJC_ARC = YES;
				CLANG_WARN_BLOCK_CAPTURE_AUTORELEASING = YES;
				CLANG_WARN_BOOL_CONVERSION = YES;
				CLANG_WARN_COMMA = YES;
				CLANG_WARN_CONSTANT_CONVERSION = YES;
				CLANG_WARN_DIRECT_OBJC_ISA_USAGE = YES_ERROR;
				CLANG_WARN_DOCUMENTATION_COMMENTS = YES;
				CLANG_WARN_EMPTY_BODY = YES;
				CLANG_WARN_ENUM_CONVERSION = YES;
				CLANG_WARN_INFINITE_RECURSION = YES;
				CLANG_WARN_INT_CONVERSION = YES;
				CLANG_WARN_NON_LITERAL_NULL_CONVERSION = YES;
				CLANG_WARN_OBJC_LITERAL_CONVERSION = YES;
				CLANG_WARN_OBJC_ROOT_CLASS = YES_ERROR;
				CLANG_WARN_RANGE_LOOP_ANALYSIS = YES;
				CLANG_WARN_STRICT_PROTOTYPES = YES;
				CLANG_WARN_SUSPICIOUS_MOVE = YES;
				CLANG_WARN_UNGUARDED_AVAILABILITY = YES_AGGRESSIVE;
				CLANG_WARN_UNREACHABLE_CODE = YES;
				CLANG_WARN__DUPLICATE_METHOD_MATCH = YES;
				CODE_SIGN_IDENTITY = "iPhone Developer";
				COPY_PHASE_STRIP = NO;
				DEBUG_INFORMATION_FORMAT = dwarf;
				ENABLE_STRICT_OBJC_MSGSEND = YES;
				ENABLE_TESTABILITY = YES;
				GCC_C_LANGUAGE_STANDARD = gnu11;
				GCC_DYNAMIC_NO_PIC = NO;
				GCC_NO_COMMON_BLOCKS = YES;
				GCC_OPTIMIZATION_LEVEL = 0;
				GCC_PREPROCESSOR_DEFINITIONS = (
					"DEBUG=1",
					"$(inherited)",
				);
				GCC_WARN_64_TO_32_BIT_CONVERSION = YES;
				GCC_WARN_ABOUT_RETURN_TYPE = YES_ERROR;
				GCC_WARN_UNDECLARED_SELECTOR = YES;
				GCC_WARN_UNINITIALIZED_AUTOS = YES_AGGRESSIVE;
				GCC_WARN_UNUSED_FUNCTION = YES;
				GCC_WARN_UNUSED_VARIABLE = YES;
				IPHONEOS_DEPLOYMENT_TARGET = 11.2;
				MTL_ENABLE_DEBUG_INFO = YES;
				ONLY_ACTIVE_ARCH = YES;
				SDKROOT = iphoneos;
			};
			name = Debug;
		};
		408B35B5204E5FAD00A7A13A /* Release */ = {
			isa = XCBuildConfiguration;
			buildSettings = {
				ALWAYS_SEARCH_USER_PATHS = NO;
				CLANG_ANALYZER_LOCALIZABILITY_NONLOCALIZED = YES;
				CLANG_ANALYZER_NONNULL = YES;
				CLANG_ANALYZER_NUMBER_OBJECT_CONVERSION = YES_AGGRESSIVE;
				CLANG_CXX_LANGUAGE_STANDARD = "gnu++14";
				CLANG_CXX_LIBRARY = "libc++";
				CLANG_ENABLE_MODULES = YES;
				CLANG_ENABLE_OBJC_ARC = YES;
				CLANG_WARN_BLOCK_CAPTURE_AUTORELEASING = YES;
				CLANG_WARN_BOOL_CONVERSION = YES;
				CLANG_WARN_COMMA = YES;
				CLANG_WARN_CONSTANT_CONVERSION = YES;
				CLANG_WARN_DIRECT_OBJC_ISA_USAGE = YES_ERROR;
				CLANG_WARN_DOCUMENTATION_COMMENTS = YES;
				CLANG_WARN_EMPTY_BODY = YES;
				CLANG_WARN_ENUM_CONVERSION = YES;
				CLANG_WARN_INFINITE_RECURSION = YES;
				CLANG_WARN_INT_CONVERSION = YES;
				CLANG_WARN_NON_LITERAL_NULL_CONVERSION = YES;
				CLANG_WARN_OBJC_LITERAL_CONVERSION = YES;
				CLANG_WARN_OBJC_ROOT_CLASS = YES_ERROR;
				CLANG_WARN_RANGE_LOOP_ANALYSIS = YES;
				CLANG_WARN_STRICT_PROTOTYPES = YES;
				CLANG_WARN_SUSPICIOUS_MOVE = YES;
				CLANG_WARN_UNGUARDED_AVAILABILITY = YES_AGGRESSIVE;
				CLANG_WARN_UNREACHABLE_CODE = YES;
				CLANG_WARN__DUPLICATE_METHOD_MATCH = YES;
				CODE_SIGN_IDENTITY = "iPhone Developer";
				COPY_PHASE_STRIP = NO;
				DEBUG_INFORMATION_FORMAT = "dwarf-with-dsym";
				ENABLE_NS_ASSERTIONS = NO;
				ENABLE_STRICT_OBJC_MSGSEND = YES;
				GCC_C_LANGUAGE_STANDARD = gnu11;
				GCC_NO_COMMON_BLOCKS = YES;
				GCC_WARN_64_TO_32_BIT_CONVERSION = YES;
				GCC_WARN_ABOUT_RETURN_TYPE = YES_ERROR;
				GCC_WARN_UNDECLARED_SELECTOR = YES;
				GCC_WARN_UNINITIALIZED_AUTOS = YES_AGGRESSIVE;
				GCC_WARN_UNUSED_FUNCTION = YES;
				GCC_WARN_UNUSED_VARIABLE = YES;
				IPHONEOS_DEPLOYMENT_TARGET = 11.2;
				MTL_ENABLE_DEBUG_INFO = NO;
				SDKROOT = iphoneos;
				VALIDATE_PRODUCT = YES;
			};
			name = Release;
		};
		408B35B7204E5FAD00A7A13A /* Debug */ = {
			isa = XCBuildConfiguration;
			buildSettings = {
				ASSETCATALOG_COMPILER_APPICON_NAME = AppIcon;
				CODE_SIGN_STYLE = Automatic;
				DEVELOPMENT_TEAM = 9HLG2RNPTE;
				INFOPLIST_FILE = CrashBoat/Info.plist;
				IPHONEOS_DEPLOYMENT_TARGET = 11.0;
				LD_RUNPATH_SEARCH_PATHS = "$(inherited) @executable_path/Frameworks";
				PRODUCT_BUNDLE_IDENTIFIER = Mrlee.CrashBoat;
				PRODUCT_NAME = "$(TARGET_NAME)";
				TARGETED_DEVICE_FAMILY = "1,2";
			};
			name = Debug;
		};
		408B35B8204E5FAD00A7A13A /* Release */ = {
			isa = XCBuildConfiguration;
			buildSettings = {
				ASSETCATALOG_COMPILER_APPICON_NAME = AppIcon;
				CODE_SIGN_STYLE = Automatic;
				DEVELOPMENT_TEAM = 9HLG2RNPTE;
				INFOPLIST_FILE = CrashBoat/Info.plist;
				IPHONEOS_DEPLOYMENT_TARGET = 11.0;
				LD_RUNPATH_SEARCH_PATHS = "$(inherited) @executable_path/Frameworks";
				PRODUCT_BUNDLE_IDENTIFIER = Mrlee.CrashBoat;
				PRODUCT_NAME = "$(TARGET_NAME)";
				TARGETED_DEVICE_FAMILY = "1,2";
			};
			name = Release;
		};
/* End XCBuildConfiguration section */

/* Begin XCConfigurationList section */
		408B359B204E5FAD00A7A13A /* Build configuration list for PBXProject "CrashBoat" */ = {
			isa = XCConfigurationList;
			buildConfigurations = (
				408B35B4204E5FAD00A7A13A /* Debug */,
				408B35B5204E5FAD00A7A13A /* Release */,
			);
			defaultConfigurationIsVisible = 0;
			defaultConfigurationName = Release;
		};
		408B35B6204E5FAD00A7A13A /* Build configuration list for PBXNativeTarget "CrashBoat" */ = {
			isa = XCConfigurationList;
			buildConfigurations = (
				408B35B7204E5FAD00A7A13A /* Debug */,
				408B35B8204E5FAD00A7A13A /* Release */,
			);
			defaultConfigurationIsVisible = 0;
			defaultConfigurationName = Release;
		};
/* End XCConfigurationList section */
	};
	rootObject = 408B3598204E5FAD00A7A13A /* Project object */;
}
